
Microsoft Visual Studio Solution File, Format Version 12.00
Project("{FAE04EC0-301F-11D3-BF4B-00C04F79EFBC}") = "EmployeeGateway", "EmployeeGateway\EmployeeGateway.csproj", "{B8006AC1-FFD5-4675-91CF-2A644A4149E8}"
EndProject
Project("{FAE04EC0-301F-11D3-BF4B-00C04F79EFBC}") = "EmployeeGateway.BL", "EmployeeGateway.BL\EmployeeGateway.BL.csproj", "{68D64A05-6A0B-47AC-A4E5-E5226B9E7BD2}"
EndProject
Project("{FAE04EC0-301F-11D3-BF4B-00C04F79EFBC}") = "EmployeeGateway.Common", "EmployeeGateway.Common\EmployeeGateway.Common.csproj", "{E30CAE58-53E7-480A-9506-CAF15ED70CEF}"
EndProject
Project("{FAE04EC0-301F-11D3-BF4B-00C04F79EFBC}") = "EmployeeGateway.DAL", "EmployeeGateway.DAL\EmployeeGateway.DAL.csproj", "{D30736B6-14F7-4702-88A3-EA4E3837994E}"
EndProject
Global
	GlobalSection(SolutionConfigurationPlatforms) = preSolution
		Debug|Any CPU = Debug|Any CPU
		Release|Any CPU = Release|Any CPU
	EndGlobalSection
	GlobalSection(ProjectConfigurationPlatforms) = postSolution
		{B8006AC1-FFD5-4675-91CF-2A644A4149E8}.Debug|Any CPU.ActiveCfg = Debug|Any CPU
		{B8006AC1-FFD5-4675-91CF-2A644A4149E8}.Debug|Any CPU.Build.0 = Debug|Any CPU
		{B8006AC1-FFD5-4675-91CF-2A644A4149E8}.Release|Any CPU.ActiveCfg = Release|Any CPU
		{B8006AC1-FFD5-4675-91CF-2A644A4149E8}.Release|Any CPU.Build.0 = Release|Any CPU
		{68D64A05-6A0B-47AC-A4E5-E5226B9E7BD2}.Debug|Any CPU.ActiveCfg = Debug|Any CPU
		{68D64A05-6A0B-47AC-A4E5-E5226B9E7BD2}.Debug|Any CPU.Build.0 = Debug|Any CPU
		{68D64A05-6A0B-47AC-A4E5-E5226B9E7BD2}.Release|Any CPU.ActiveCfg = Release|Any CPU
		{68D64A05-6A0B-47AC-A4E5-E5226B9E7BD2}.Release|Any CPU.Build.0 = Release|Any CPU
		{E30CAE58-53E7-480A-9506-CAF15ED70CEF}.Debug|Any CPU.ActiveCfg = Debug|Any CPU
		{E30CAE58-53E7-480A-9506-CAF15ED70CEF}.Debug|Any CPU.Build.0 = Debug|Any CPU
		{E30CAE58-53E7-480A-9506-CAF15ED70CEF}.Release|Any CPU.ActiveCfg = Release|Any CPU
		{E30CAE58-53E7-480A-9506-CAF15ED70CEF}.Release|Any CPU.Build.0 = Release|Any CPU
		{D30736B6-14F7-4702-88A3-EA4E3837994E}.Debug|Any CPU.ActiveCfg = Debug|Any CPU
		{D30736B6-14F7-4702-88A3-EA4E3837994E}.Debug|Any CPU.Build.0 = Debug|Any CPU
		{D30736B6-14F7-4702-88A3-EA4E3837994E}.Release|Any CPU.ActiveCfg = Release|Any CPU
		{D30736B6-14F7-4702-88A3-EA4E3837994E}.Release|Any CPU.Build.0 = Release|Any CPU
	EndGlobalSection
EndGlobal
