// !$*UTF8*$!
{
	archiveVersion = 1;
	classes = {
	};
	objectVersion = 56;
	objects = {

/* Begin PBXBuildFile section */
		0EA3813A97AF975BFCD75F37 /* AppAssets+Generated.swift in Sources */ = {isa = PBXBuildFile; fileRef = 507AC4A1418598057A2737E9 /* AppAssets+Generated.swift */; };
		2E5AD9EE2622E55C2A715020 /* AppDelegate.swift in Sources */ = {isa = PBXBuildFile; fileRef = 2F57923C508255F977FA7139 /* AppDelegate.swift */; };
		31CB715EA1DAC9D335BDD51D /* ViewController.swift in Sources */ = {isa = PBXBuildFile; fileRef = A53552222DB2F0DA0D42689F /* ViewController.swift */; };
		3F3C371B2512E9E7A2016C1B /* Images.xcassets in Resources */ = {isa = PBXBuildFile; fileRef = EE22195EDAD33688CF2B712E /* Images.xcassets */; };
		3F6F72B38236A92E59F34580 /* AppFonts+Generated.swift in Sources */ = {isa = PBXBuildFile; fileRef = 0AE8090A80FF9F72393EA001 /* AppFonts+Generated.swift */; };
		46D13393447ACD8578A4CF27 /* Icons.xcassets in Resources */ = {isa = PBXBuildFile; fileRef = 17E6EFCDF135B871905708FD /* Icons.xcassets */; };
		52EC90762078CE48E071267F /* SFProText-Semibold.ttf in Resources */ = {isa = PBXBuildFile; fileRef = 8A395FCC7B2EA3E902DFEDE0 /* SFProText-Semibold.ttf */; };
		560FE8DC267F73F4728589D3 /* LaunchScreen.storyboard in Resources */ = {isa = PBXBuildFile; fileRef = 410174B15FD46608241FE63A /* LaunchScreen.storyboard */; };
		5FF54F53AE3F23214AC38B43 /* SceneDelegate.swift in Sources */ = {isa = PBXBuildFile; fileRef = 0AD37110C1BD2AA42E309441 /* SceneDelegate.swift */; };
		68F68D902FE1EAFC802573D7 /* swiftgen_config.yml in Resources */ = {isa = PBXBuildFile; fileRef = 15EAD1C9CA81070C82306D36 /* swiftgen_config.yml */; };
		7BE41DDCB4B7E4B9D9DC6538 /* SFProText-Regular.ttf in Resources */ = {isa = PBXBuildFile; fileRef = EEC9EA3153E47BC501201F89 /* SFProText-Regular.ttf */; };
		801FDAABB7CD8E8DBF140207 /* Colors.xcassets in Resources */ = {isa = PBXBuildFile; fileRef = BA6381342298902037BE5816 /* Colors.xcassets */; };
		A1B68E00839A3B76868A7E0E /* Alamofire in Frameworks */ = {isa = PBXBuildFile; productRef = A25787C6A8E2816146610CB7 /* Alamofire */; };
		B55942E68DA4399743901971 /* Assets+Generated.swift in Sources */ = {isa = PBXBuildFile; fileRef = 3FC5D044F47F547E3B1DB1D8 /* Assets+Generated.swift */; };
		E603DF2C3FF6554996D1DB7A /* SnapKit in Frameworks */ = {isa = PBXBuildFile; productRef = 14F499634D66B8F2D171EDB6 /* SnapKit */; };
		EA21A7DBE3575E8FA7E1202A /* AppText+Generated.swift in Sources */ = {isa = PBXBuildFile; fileRef = CB54F8D9658668D59AEA0C94 /* AppText+Generated.swift */; };
		F24F9D967C8EC2F9AB7F4BDC /* SFProText-Bold.ttf in Resources */ = {isa = PBXBuildFile; fileRef = AB410049578BC92ACE263C01 /* SFProText-Bold.ttf */; };
/* End PBXBuildFile section */

/* Begin PBXFileReference section */
		0AD37110C1BD2AA42E309441 /* SceneDelegate.swift */ = {isa = PBXFileReference; lastKnownFileType = sourcecode.swift; path = SceneDelegate.swift; sourceTree = "<group>"; };
		0AE8090A80FF9F72393EA001 /* AppFonts+Generated.swift */ = {isa = PBXFileReference; lastKnownFileType = sourcecode.swift; path = "AppFonts+Generated.swift"; sourceTree = "<group>"; };
		0ED603B70F61FAF1144AB25B /* fonts */ = {isa = PBXFileReference; lastKnownFileType = text; path = fonts; sourceTree = "<group>"; };
		15EAD1C9CA81070C82306D36 /* swiftgen_config.yml */ = {isa = PBXFileReference; lastKnownFileType = text.yaml; path = swiftgen_config.yml; sourceTree = "<group>"; };
		17E6EFCDF135B871905708FD /* Icons.xcassets */ = {isa = PBXFileReference; lastKnownFileType = folder.assetcatalog; path = Icons.xcassets; sourceTree = "<group>"; };
		2F57923C508255F977FA7139 /* AppDelegate.swift */ = {isa = PBXFileReference; lastKnownFileType = sourcecode.swift; path = AppDelegate.swift; sourceTree = "<group>"; };
		3FC5D044F47F547E3B1DB1D8 /* Assets+Generated.swift */ = {isa = PBXFileReference; lastKnownFileType = sourcecode.swift; path = "Assets+Generated.swift"; sourceTree = "<group>"; };
		5037E00D0A4E1E5119F568CA /* Info.plist */ = {isa = PBXFileReference; lastKnownFileType = text.plist; path = Info.plist; sourceTree = "<group>"; };
		507AC4A1418598057A2737E9 /* AppAssets+Generated.swift */ = {isa = PBXFileReference; lastKnownFileType = sourcecode.swift; path = "AppAssets+Generated.swift"; sourceTree = "<group>"; };
		60ADC7FE9E69DC9C73E0467A /* ios-employee.app */ = {isa = PBXFileReference; explicitFileType = wrapper.application; includeInIndex = 0; path = "ios-employee.app"; sourceTree = BUILT_PRODUCTS_DIR; };
		7081D465302130F9CCEF0ADD /* assets */ = {isa = PBXFileReference; lastKnownFileType = text; path = assets; sourceTree = "<group>"; };
		8A395FCC7B2EA3E902DFEDE0 /* SFProText-Semibold.ttf */ = {isa = PBXFileReference; lastKnownFileType = file; path = "SFProText-Semibold.ttf"; sourceTree = "<group>"; };
		A53552222DB2F0DA0D42689F /* ViewController.swift */ = {isa = PBXFileReference; lastKnownFileType = sourcecode.swift; path = ViewController.swift; sourceTree = "<group>"; };
		AB410049578BC92ACE263C01 /* SFProText-Bold.ttf */ = {isa = PBXFileReference; lastKnownFileType = file; path = "SFProText-Bold.ttf"; sourceTree = "<group>"; };
		BA6381342298902037BE5816 /* Colors.xcassets */ = {isa = PBXFileReference; lastKnownFileType = folder.assetcatalog; path = Colors.xcassets; sourceTree = "<group>"; };
		CB54F8D9658668D59AEA0C94 /* AppText+Generated.swift */ = {isa = PBXFileReference; lastKnownFileType = sourcecode.swift; path = "AppText+Generated.swift"; sourceTree = "<group>"; };
		CCF734CB2D4E5AF5CAC04E5B /* ios-employee.entitlements */ = {isa = PBXFileReference; lastKnownFileType = text.plist.entitlements; path = "ios-employee.entitlements"; sourceTree = "<group>"; };
		E3864ECD277E5EC376CCC4FA /* strings */ = {isa = PBXFileReference; lastKnownFileType = text; path = strings; sourceTree = "<group>"; };
		EE22195EDAD33688CF2B712E /* Images.xcassets */ = {isa = PBXFileReference; lastKnownFileType = folder.assetcatalog; path = Images.xcassets; sourceTree = "<group>"; };
		EEC9EA3153E47BC501201F89 /* SFProText-Regular.ttf */ = {isa = PBXFileReference; lastKnownFileType = file; path = "SFProText-Regular.ttf"; sourceTree = "<group>"; };
		FBFE2161C78F5BAA8D1E1AB7 /* Base */ = {isa = PBXFileReference; lastKnownFileType = file.storyboard; name = Base; path = Base.lproj/LaunchScreen.storyboard; sourceTree = "<group>"; };
/* End PBXFileReference section */

/* Begin PBXFrameworksBuildPhase section */
		60A001DF8AB79D78AF7341A9 /* Frameworks */ = {
			isa = PBXFrameworksBuildPhase;
			buildActionMask = 2147483647;
			files = (
				A1B68E00839A3B76868A7E0E /* Alamofire in Frameworks */,
				E603DF2C3FF6554996D1DB7A /* SnapKit in Frameworks */,
			);
			runOnlyForDeploymentPostprocessing = 0;
		};
/* End PBXFrameworksBuildPhase section */

/* Begin PBXGroup section */
		20ADFD63B412C90BF9AD7AA8 /* Configurations */ = {
			isa = PBXGroup;
			children = (
				C7CEA4B862D29EE8520FF0F6 /* Templates */,
				15EAD1C9CA81070C82306D36 /* swiftgen_config.yml */,
			);
			path = Configurations;
			sourceTree = "<group>";
		};
		419815B7B3B70BD22D9D13FD /* Fonts */ = {
			isa = PBXGroup;
			children = (
				AB410049578BC92ACE263C01 /* SFProText-Bold.ttf */,
				EEC9EA3153E47BC501201F89 /* SFProText-Regular.ttf */,
				8A395FCC7B2EA3E902DFEDE0 /* SFProText-Semibold.ttf */,
			);
			path = Fonts;
			sourceTree = "<group>";
		};
		7DEE4ECB09AADAD41F742B99 /* Assets */ = {
			isa = PBXGroup;
			children = (
				BA6381342298902037BE5816 /* Colors.xcassets */,
				17E6EFCDF135B871905708FD /* Icons.xcassets */,
				EE22195EDAD33688CF2B712E /* Images.xcassets */,
			);
			path = Assets;
			sourceTree = "<group>";
		};
		86A5AB4F8F4E233E986C93C0 /* Supporting Files */ = {
			isa = PBXGroup;
			children = (
				D92FD99014632B3AF5E41B4F /* SwiftGen */,
				5037E00D0A4E1E5119F568CA /* Info.plist */,
			);
			path = "Supporting Files";
			sourceTree = "<group>";
		};
		914C1D25FB1862EB7460C5C9 = {
			isa = PBXGroup;
			children = (
				E26F7DCDF2BFB7511441A1E6 /* ios-employee */,
				BD73CDE7EA35BC52CB8EE083 /* Products */,
			);
			indentWidth = 2;
			sourceTree = "<group>";
			tabWidth = 2;
			usesTabs = 0;
		};
		BD35ED56E0C2CF7E326B3494 /* Generations */ = {
			isa = PBXGroup;
			children = (
				507AC4A1418598057A2737E9 /* AppAssets+Generated.swift */,
				0AE8090A80FF9F72393EA001 /* AppFonts+Generated.swift */,
				CB54F8D9658668D59AEA0C94 /* AppText+Generated.swift */,
				3FC5D044F47F547E3B1DB1D8 /* Assets+Generated.swift */,
			);
			path = Generations;
			sourceTree = "<group>";
		};
		BD73CDE7EA35BC52CB8EE083 /* Products */ = {
			isa = PBXGroup;
			children = (
				60ADC7FE9E69DC9C73E0467A /* ios-employee.app */,
			);
			name = Products;
			sourceTree = "<group>";
		};
		C7CEA4B862D29EE8520FF0F6 /* Templates */ = {
			isa = PBXGroup;
			children = (
				7081D465302130F9CCEF0ADD /* assets */,
				0ED603B70F61FAF1144AB25B /* fonts */,
				E3864ECD277E5EC376CCC4FA /* strings */,
			);
			path = Templates;
			sourceTree = "<group>";
		};
		D92FD99014632B3AF5E41B4F /* SwiftGen */ = {
			isa = PBXGroup;
			children = (
				20ADFD63B412C90BF9AD7AA8 /* Configurations */,
				BD35ED56E0C2CF7E326B3494 /* Generations */,
			);
			path = SwiftGen;
			sourceTree = "<group>";
		};
		DA1110F26E7C8F839F9B0014 /* Resources */ = {
			isa = PBXGroup;
			children = (
				7DEE4ECB09AADAD41F742B99 /* Assets */,
				419815B7B3B70BD22D9D13FD /* Fonts */,
			);
			path = Resources;
			sourceTree = "<group>";
		};
		E26F7DCDF2BFB7511441A1E6 /* ios-employee */ = {
			isa = PBXGroup;
			children = (
				F36F7EA62B99D041005F9A6B /* Sources */,
				DA1110F26E7C8F839F9B0014 /* Resources */,
				86A5AB4F8F4E233E986C93C0 /* Supporting Files */,
				CCF734CB2D4E5AF5CAC04E5B /* ios-employee.entitlements */,
			);
			path = "ios-employee";
			sourceTree = "<group>";
		};
		F36F7EA62B99D041005F9A6B /* Sources */ = {
			isa = PBXGroup;
			children = (
				A53552222DB2F0DA0D42689F /* ViewController.swift */,
				0AD37110C1BD2AA42E309441 /* SceneDelegate.swift */,
				410174B15FD46608241FE63A /* LaunchScreen.storyboard */,
				2F57923C508255F977FA7139 /* AppDelegate.swift */,
			);
			path = Sources;
			sourceTree = "<group>";
		};
/* End PBXGroup section */

/* Begin PBXNativeTarget section */
		096572280095199C30189B8A /* ios-employee */ = {
			isa = PBXNativeTarget;
			buildConfigurationList = EA75216B865D8412B2FEB2AE /* Build configuration list for PBXNativeTarget "ios-employee" */;
			buildPhases = (
				FA5E9D12D6CB60A3BEC6BA14 /* SwiftLint */,
				2D063C884DB02F203649B2C7 /* SwiftGen */,
				97245F8FFE2758DC1238A8AF /* SwiftFormat */,
				58994572D5A7FBFEB5551307 /* Sources */,
				B9ED2C15FA9336BC0037B7E3 /* Resources */,
				60A001DF8AB79D78AF7341A9 /* Frameworks */,
				3235CD9AC8C85C7CE9C34102 /* Highlight TODOs and FIXMEs */,
			);
			buildRules = (
			);
			dependencies = (
			);
			name = "ios-employee";
			packageProductDependencies = (
				A25787C6A8E2816146610CB7 /* Alamofire */,
				14F499634D66B8F2D171EDB6 /* SnapKit */,
			);
			productName = "ios-employee";
			productReference = 60ADC7FE9E69DC9C73E0467A /* ios-employee.app */;
			productType = "com.apple.product-type.application";
		};
/* End PBXNativeTarget section */

/* Begin PBXProject section */
		619434C65E7B183887F7A47B /* Project object */ = {
			isa = PBXProject;
			attributes = {
				BuildIndependentTargetsInParallel = YES;
				LastUpgradeCheck = 1430;
				TargetAttributes = {
					096572280095199C30189B8A = {
						ProvisioningStyle = Automatic;
					};
				};
			};
			buildConfigurationList = 307AC20C7C3B2373653AB24D /* Build configuration list for PBXProject "ios-employee" */;
			compatibilityVersion = "Xcode 14.0";
			developmentRegion = ru;
			hasScannedForEncodings = 0;
			knownRegions = (
				Base,
				ru,
			);
			mainGroup = 914C1D25FB1862EB7460C5C9;
			packageReferences = (
				99A8C821EFAEC5D6623A0F48 /* XCRemoteSwiftPackageReference "Alamofire" */,
				830EBF53696D16055F937449 /* XCRemoteSwiftPackageReference "SnapKit" */,
			);
			projectDirPath = "";
			projectRoot = "";
			targets = (
				096572280095199C30189B8A /* ios-employee */,
			);
		};
/* End PBXProject section */

/* Begin PBXResourcesBuildPhase section */
		B9ED2C15FA9336BC0037B7E3 /* Resources */ = {
			isa = PBXResourcesBuildPhase;
			buildActionMask = 2147483647;
			files = (
				801FDAABB7CD8E8DBF140207 /* Colors.xcassets in Resources */,
				46D13393447ACD8578A4CF27 /* Icons.xcassets in Resources */,
				3F3C371B2512E9E7A2016C1B /* Images.xcassets in Resources */,
				560FE8DC267F73F4728589D3 /* LaunchScreen.storyboard in Resources */,
				F24F9D967C8EC2F9AB7F4BDC /* SFProText-Bold.ttf in Resources */,
				7BE41DDCB4B7E4B9D9DC6538 /* SFProText-Regular.ttf in Resources */,
				52EC90762078CE48E071267F /* SFProText-Semibold.ttf in Resources */,
				68F68D902FE1EAFC802573D7 /* swiftgen_config.yml in Resources */,
			);
			runOnlyForDeploymentPostprocessing = 0;
		};
/* End PBXResourcesBuildPhase section */

/* Begin PBXShellScriptBuildPhase section */
		2D063C884DB02F203649B2C7 /* SwiftGen */ = {
			isa = PBXShellScriptBuildPhase;
			alwaysOutOfDate = 1;
			buildActionMask = 2147483647;
			files = (
			);
			inputFileListPaths = (
			);
			inputPaths = (
			);
			name = SwiftGen;
			outputFileListPaths = (
			);
			outputPaths = (
			);
			runOnlyForDeploymentPostprocessing = 0;
			shellPath = /bin/sh;
			shellScript = "if which swiftgen >/dev/null; then\n  swiftgen --config ios-employee/\"Supporting Files\"/SwiftGen/Configurations/swiftgen_config.yml\nelse\n   echo \"warning: SwiftGen not installed, download from https://github.com/SwiftGen/SwiftGen\"\nfi\n";
		};
		3235CD9AC8C85C7CE9C34102 /* Highlight TODOs and FIXMEs */ = {
			isa = PBXShellScriptBuildPhase;
			alwaysOutOfDate = 1;
			buildActionMask = 2147483647;
			files = (
			);
			inputFileListPaths = (
			);
			inputPaths = (
			);
			name = "Highlight TODOs and FIXMEs";
			outputFileListPaths = (
			);
			outputPaths = (
			);
			runOnlyForDeploymentPostprocessing = 0;
			shellPath = /bin/sh;
			shellScript = "TAGS=\"TODO:|FIXME:\"\necho \"searching ${SRCROOT} for ${TAGS}\"\nfind \"${SRCROOT}\" \\( -name \"*.swift\" \\) \\( -not -path \"*/Pods/*\" \\) -print0 | xargs -0 egrep --with-filename --line-number --only-matching \"($TAGS).*\\$\" | perl -p -e \"s/($TAGS)/ warning: \\$1/\"\n";
		};
		97245F8FFE2758DC1238A8AF /* SwiftFormat */ = {
			isa = PBXShellScriptBuildPhase;
			alwaysOutOfDate = 1;
			buildActionMask = 2147483647;
			files = (
			);
			inputFileListPaths = (
			);
			inputPaths = (
			);
			name = SwiftFormat;
			outputFileListPaths = (
			);
			outputPaths = (
			);
			runOnlyForDeploymentPostprocessing = 0;
			shellPath = /bin/sh;
			shellScript = "if which swiftformat >/dev/null; then\n swiftformat .\nelse\n echo \"warning: SwiftFormat not installed, download from https://github.com/nicklockwood/SwiftFormat\"\nfi\n";
		};
		FA5E9D12D6CB60A3BEC6BA14 /* SwiftLint */ = {
			isa = PBXShellScriptBuildPhase;
			alwaysOutOfDate = 1;
			buildActionMask = 2147483647;
			files = (
			);
			inputFileListPaths = (
			);
			inputPaths = (
			);
			name = SwiftLint;
			outputFileListPaths = (
			);
			outputPaths = (
			);
			runOnlyForDeploymentPostprocessing = 0;
			shellPath = /bin/sh;
			shellScript = "if which swiftlint >/dev/null; then\n  swiftlint\nelse\n  echo \"warning: SwiftLint not installed, download from https://github.com/realm/SwiftLint\"\nfi\n";
		};
/* End PBXShellScriptBuildPhase section */

/* Begin PBXSourcesBuildPhase section */
		58994572D5A7FBFEB5551307 /* Sources */ = {
			isa = PBXSourcesBuildPhase;
			buildActionMask = 2147483647;
			files = (
				0EA3813A97AF975BFCD75F37 /* AppAssets+Generated.swift in Sources */,
				2E5AD9EE2622E55C2A715020 /* AppDelegate.swift in Sources */,
				3F6F72B38236A92E59F34580 /* AppFonts+Generated.swift in Sources */,
				EA21A7DBE3575E8FA7E1202A /* AppText+Generated.swift in Sources */,
				B55942E68DA4399743901971 /* Assets+Generated.swift in Sources */,
				5FF54F53AE3F23214AC38B43 /* SceneDelegate.swift in Sources */,
				31CB715EA1DAC9D335BDD51D /* ViewController.swift in Sources */,
			);
			runOnlyForDeploymentPostprocessing = 0;
		};
/* End PBXSourcesBuildPhase section */

/* Begin PBXVariantGroup section */
		410174B15FD46608241FE63A /* LaunchScreen.storyboard */ = {
			isa = PBXVariantGroup;
			children = (
				FBFE2161C78F5BAA8D1E1AB7 /* Base */,
			);
			name = LaunchScreen.storyboard;
			sourceTree = "<group>";
		};
/* End PBXVariantGroup section */

/* Begin XCBuildConfiguration section */
		62BCFEDE267A8E95213D5786 /* Release */ = {
			isa = XCBuildConfiguration;
			buildSettings = {
				ALWAYS_SEARCH_USER_PATHS = NO;
				CLANG_ANALYZER_NONNULL = YES;
				CLANG_ANALYZER_NUMBER_OBJECT_CONVERSION = YES_AGGRESSIVE;
				CLANG_CXX_LANGUAGE_STANDARD = "gnu++14";
				CLANG_CXX_LIBRARY = "libc++";
				CLANG_ENABLE_MODULES = YES;
				CLANG_ENABLE_OBJC_ARC = YES;
				CLANG_ENABLE_OBJC_WEAK = YES;
				CLANG_WARN_BLOCK_CAPTURE_AUTORELEASING = YES;
				CLANG_WARN_BOOL_CONVERSION = YES;
				CLANG_WARN_COMMA = YES;
				CLANG_WARN_CONSTANT_CONVERSION = YES;
				CLANG_WARN_DEPRECATED_OBJC_IMPLEMENTATIONS = YES;
				CLANG_WARN_DIRECT_OBJC_ISA_USAGE = YES_ERROR;
				CLANG_WARN_DOCUMENTATION_COMMENTS = YES;
				CLANG_WARN_EMPTY_BODY = YES;
				CLANG_WARN_ENUM_CONVERSION = YES;
				CLANG_WARN_INFINITE_RECURSION = YES;
				CLANG_WARN_INT_CONVERSION = YES;
				CLANG_WARN_NON_LITERAL_NULL_CONVERSION = YES;
				CLANG_WARN_OBJC_IMPLICIT_RETAIN_SELF = YES;
				CLANG_WARN_OBJC_LITERAL_CONVERSION = YES;
				CLANG_WARN_OBJC_ROOT_CLASS = YES_ERROR;
				CLANG_WARN_QUOTED_INCLUDE_IN_FRAMEWORK_HEADER = YES;
				CLANG_WARN_RANGE_LOOP_ANALYSIS = YES;
				CLANG_WARN_STRICT_PROTOTYPES = YES;
				CLANG_WARN_SUSPICIOUS_MOVE = YES;
				CLANG_WARN_UNGUARDED_AVAILABILITY = YES_AGGRESSIVE;
				CLANG_WARN_UNREACHABLE_CODE = YES;
				CLANG_WARN__DUPLICATE_METHOD_MATCH = YES;
				COPY_PHASE_STRIP = NO;
				DEBUG_INFORMATION_FORMAT = "dwarf-with-dsym";
				ENABLE_BITCODE = NO;
				ENABLE_NS_ASSERTIONS = NO;
				ENABLE_STRICT_OBJC_MSGSEND = YES;
				GCC_C_LANGUAGE_STANDARD = gnu11;
				GCC_NO_COMMON_BLOCKS = YES;
				GCC_WARN_64_TO_32_BIT_CONVERSION = YES;
				GCC_WARN_ABOUT_RETURN_TYPE = YES_ERROR;
				GCC_WARN_UNDECLARED_SELECTOR = YES;
				GCC_WARN_UNINITIALIZED_AUTOS = YES_AGGRESSIVE;
				GCC_WARN_UNUSED_FUNCTION = YES;
				GCC_WARN_UNUSED_VARIABLE = YES;
				IPHONEOS_DEPLOYMENT_TARGET = 15.0;
				MTL_ENABLE_DEBUG_INFO = YES;
				MTL_FAST_MATH = YES;
				PRODUCT_NAME = "$(TARGET_NAME)";
				SDKROOT = iphoneos;
				SUPPORTS_MACCATALYST = NO;
				SWIFT_COMPILATION_MODE = wholemodule;
				SWIFT_OPTIMIZATION_LEVEL = "-O";
				SWIFT_VERSION = 5.6;
			};
			name = Release;
		};
		DAABB9782E1A83E89255E11E /* Release */ = {
			isa = XCBuildConfiguration;
			buildSettings = {
				ALWAYS_EMBED_SWIFT_STANDARD_LIBRARIES = YES;
				ASSETCATALOG_COMPILER_APPICON_NAME = AppIcon;
				CODE_SIGN_ENTITLEMENTS = "ios-employee/ios-employee.entitlements";
				CODE_SIGN_IDENTITY = "iPhone Developer";
				CODE_SIGN_STYLE = Automatic;
				CURRENT_PROJECT_VERSION = 1;
				DEVELOPMENT_TEAM = 8F9BJF9KQ5;
				INFOPLIST_FILE = "ios-employee/Supporting Files/Info.plist";
				LD_RUNPATH_SEARCH_PATHS = (
					"$(inherited)",
					"@executable_path/Frameworks",
				);
				MARKETING_VERSION = 1.0.0;
				PRODUCT_BUNDLE_IDENTIFIER = "com.buba.ios-employee";
				SDKROOT = iphoneos;
				TARGETED_DEVICE_FAMILY = 1;
				VERSIONING_SYSTEM = "apple-generic";
			};
			name = Release;
		};
		E70C441538898D9D2742790E /* Debug */ = {
			isa = XCBuildConfiguration;
			buildSettings = {
				ALWAYS_EMBED_SWIFT_STANDARD_LIBRARIES = YES;
				ASSETCATALOG_COMPILER_APPICON_NAME = AppIcon;
				CODE_SIGN_ENTITLEMENTS = "ios-employee/ios-employee.entitlements";
				CODE_SIGN_IDENTITY = "iPhone Developer";
				CODE_SIGN_STYLE = Automatic;
				CURRENT_PROJECT_VERSION = 1;
				DEVELOPMENT_TEAM = 8F9BJF9KQ5;
				INFOPLIST_FILE = "ios-employee/Supporting Files/Info.plist";
				LD_RUNPATH_SEARCH_PATHS = (
					"$(inherited)",
					"@executable_path/Frameworks",
				);
				MARKETING_VERSION = 1.0.0;
				PRODUCT_BUNDLE_IDENTIFIER = "com.buba.ios-employee";
				SDKROOT = iphoneos;
				TARGETED_DEVICE_FAMILY = 1;
				VERSIONING_SYSTEM = "apple-generic";
			};
			name = Debug;
		};
		FD8F27F1196932A6FE45FB91 /* Debug */ = {
			isa = XCBuildConfiguration;
			buildSettings = {
				ALWAYS_SEARCH_USER_PATHS = NO;
				CLANG_ANALYZER_NONNULL = YES;
				CLANG_ANALYZER_NUMBER_OBJECT_CONVERSION = YES_AGGRESSIVE;
				CLANG_CXX_LANGUAGE_STANDARD = "gnu++14";
				CLANG_CXX_LIBRARY = "libc++";
				CLANG_ENABLE_MODULES = YES;
				CLANG_ENABLE_OBJC_ARC = YES;
				CLANG_ENABLE_OBJC_WEAK = YES;
				CLANG_WARN_BLOCK_CAPTURE_AUTORELEASING = YES;
				CLANG_WARN_BOOL_CONVERSION = YES;
				CLANG_WARN_COMMA = YES;
				CLANG_WARN_CONSTANT_CONVERSION = YES;
				CLANG_WARN_DEPRECATED_OBJC_IMPLEMENTATIONS = YES;
				CLANG_WARN_DIRECT_OBJC_ISA_USAGE = YES_ERROR;
				CLANG_WARN_DOCUMENTATION_COMMENTS = YES;
				CLANG_WARN_EMPTY_BODY = YES;
				CLANG_WARN_ENUM_CONVERSION = YES;
				CLANG_WARN_INFINITE_RECURSION = YES;
				CLANG_WARN_INT_CONVERSION = YES;
				CLANG_WARN_NON_LITERAL_NULL_CONVERSION = YES;
				CLANG_WARN_OBJC_IMPLICIT_RETAIN_SELF = YES;
				CLANG_WARN_OBJC_LITERAL_CONVERSION = YES;
				CLANG_WARN_OBJC_ROOT_CLASS = YES_ERROR;
				CLANG_WARN_QUOTED_INCLUDE_IN_FRAMEWORK_HEADER = YES;
				CLANG_WARN_RANGE_LOOP_ANALYSIS = YES;
				CLANG_WARN_STRICT_PROTOTYPES = YES;
				CLANG_WARN_SUSPICIOUS_MOVE = YES;
				CLANG_WARN_UNGUARDED_AVAILABILITY = YES_AGGRESSIVE;
				CLANG_WARN_UNREACHABLE_CODE = YES;
				CLANG_WARN__DUPLICATE_METHOD_MATCH = YES;
				COPY_PHASE_STRIP = NO;
				DEBUG_INFORMATION_FORMAT = "dwarf-with-dsym";
				ENABLE_BITCODE = NO;
				ENABLE_STRICT_OBJC_MSGSEND = YES;
				ENABLE_TESTABILITY = YES;
				GCC_C_LANGUAGE_STANDARD = gnu11;
				GCC_DYNAMIC_NO_PIC = NO;
				GCC_NO_COMMON_BLOCKS = YES;
				GCC_OPTIMIZATION_LEVEL = 0;
				GCC_PREPROCESSOR_DEFINITIONS = (
					"$(inherited)",
					"DEBUG=1",
				);
				GCC_WARN_64_TO_32_BIT_CONVERSION = YES;
				GCC_WARN_ABOUT_RETURN_TYPE = YES_ERROR;
				GCC_WARN_UNDECLARED_SELECTOR = YES;
				GCC_WARN_UNINITIALIZED_AUTOS = YES_AGGRESSIVE;
				GCC_WARN_UNUSED_FUNCTION = YES;
				GCC_WARN_UNUSED_VARIABLE = YES;
				IPHONEOS_DEPLOYMENT_TARGET = 15.0;
				MTL_ENABLE_DEBUG_INFO = YES;
				MTL_FAST_MATH = YES;
				ONLY_ACTIVE_ARCH = YES;
				PRODUCT_NAME = "$(TARGET_NAME)";
				SDKROOT = iphoneos;
				SUPPORTS_MACCATALYST = NO;
				SWIFT_ACTIVE_COMPILATION_CONDITIONS = DEBUG;
				SWIFT_COMPILATION_MODE = incremental;
				SWIFT_OPTIMIZATION_LEVEL = "-Onone";
				SWIFT_VERSION = 5.6;
			};
			name = Debug;
		};
/* End XCBuildConfiguration section */

/* Begin XCConfigurationList section */
		307AC20C7C3B2373653AB24D /* Build configuration list for PBXProject "ios-employee" */ = {
			isa = XCConfigurationList;
			buildConfigurations = (
				FD8F27F1196932A6FE45FB91 /* Debug */,
				62BCFEDE267A8E95213D5786 /* Release */,
			);
			defaultConfigurationIsVisible = 0;
			defaultConfigurationName = Debug;
		};
		EA75216B865D8412B2FEB2AE /* Build configuration list for PBXNativeTarget "ios-employee" */ = {
			isa = XCConfigurationList;
			buildConfigurations = (
				E70C441538898D9D2742790E /* Debug */,
				DAABB9782E1A83E89255E11E /* Release */,
			);
			defaultConfigurationIsVisible = 0;
			defaultConfigurationName = Debug;
		};
/* End XCConfigurationList section */

/* Begin XCRemoteSwiftPackageReference section */
		830EBF53696D16055F937449 /* XCRemoteSwiftPackageReference "SnapKit" */ = {
			isa = XCRemoteSwiftPackageReference;
			repositoryURL = "https://github.com/SnapKit/SnapKit.git";
			requirement = {
				kind = exactVersion;
				version = 5.7.0;
			};
		};
		99A8C821EFAEC5D6623A0F48 /* XCRemoteSwiftPackageReference "Alamofire" */ = {
			isa = XCRemoteSwiftPackageReference;
			repositoryURL = "https://github.com/Alamofire/Alamofire.git";
			requirement = {
				kind = exactVersion;
				version = 5.8.1;
			};
		};
/* End XCRemoteSwiftPackageReference section */

/* Begin XCSwiftPackageProductDependency section */
		14F499634D66B8F2D171EDB6 /* SnapKit */ = {
			isa = XCSwiftPackageProductDependency;
			package = 830EBF53696D16055F937449 /* XCRemoteSwiftPackageReference "SnapKit" */;
			productName = SnapKit;
		};
		A25787C6A8E2816146610CB7 /* Alamofire */ = {
			isa = XCSwiftPackageProductDependency;
			package = 99A8C821EFAEC5D6623A0F48 /* XCRemoteSwiftPackageReference "Alamofire" */;
			productName = Alamofire;
		};
/* End XCSwiftPackageProductDependency section */
	};
	rootObject = 619434C65E7B183887F7A47B /* Project object */;
}
