
Microsoft Visual Studio Solution File, Format Version 12.00
Project("{FAE04EC0-301F-11D3-BF4B-00C04F79EFBC}") = "Credit.Api", "Credit.Api\Credit.Api.csproj", "{E487A567-2C88-4911-92EC-3B026E7E5336}"
EndProject
Project("{FAE04EC0-301F-11D3-BF4B-00C04F79EFBC}") = "Credit.Lib", "Credit.Lib\Credit.Lib.csproj", "{EEB3C2F7-ED40-4CD8-A1FA-25D448FB7F99}"
EndProject
Project("{FAE04EC0-301F-11D3-BF4B-00C04F79EFBC}") = "Credit.Data", "Credit.Data\Credit.Data.csproj", "{DE944BF5-35A9-4BD8-9CB2-05FB22F3061F}"
EndProject
Project("{FAE04EC0-301F-11D3-BF4B-00C04F79EFBC}") = "Credit.Dal", "Credit.Dal\Credit.Dal.csproj", "{DB3C4F13-87BA-4431-B09F-168C6D02ADC9}"
EndProject
Project("{FAE04EC0-301F-11D3-BF4B-00C04F79EFBC}") = "Credit.Primitives", "Credit.Primitives\Credit.Primitives.csproj", "{BAD591C4-5E3F-4CF7-B628-29A1FC95D0D5}"
EndProject
Project("{FAE04EC0-301F-11D3-BF4B-00C04F79EFBC}") = "Credit.IntegrationTests", "Credit.IntegrationTests\Credit.IntegrationTests.csproj", "{2C5F3EDD-A181-4E48-9326-5ECB83B692C8}"
EndProject
Project("{2150E333-8FDC-42A3-9474-1A3956D46DE8}") = "Utils", "Utils", "{400B0EC3-7B1B-4D1D-9109-1847559E319B}"
EndProject
Project("{FAE04EC0-301F-11D3-BF4B-00C04F79EFBC}") = "UtilsDateTime", "UtilsDateTime\UtilsDateTime.csproj", "{7E7AA592-23E8-434B-B8E9-145D9CAF06ED}"
EndProject
Global
	GlobalSection(SolutionConfigurationPlatforms) = preSolution
		Debug|Any CPU = Debug|Any CPU
		Release|Any CPU = Release|Any CPU
	EndGlobalSection
	GlobalSection(ProjectConfigurationPlatforms) = postSolution
		{E487A567-2C88-4911-92EC-3B026E7E5336}.Debug|Any CPU.ActiveCfg = Debug|Any CPU
		{E487A567-2C88-4911-92EC-3B026E7E5336}.Debug|Any CPU.Build.0 = Debug|Any CPU
		{E487A567-2C88-4911-92EC-3B026E7E5336}.Release|Any CPU.ActiveCfg = Release|Any CPU
		{E487A567-2C88-4911-92EC-3B026E7E5336}.Release|Any CPU.Build.0 = Release|Any CPU
		{EEB3C2F7-ED40-4CD8-A1FA-25D448FB7F99}.Debug|Any CPU.ActiveCfg = Debug|Any CPU
		{EEB3C2F7-ED40-4CD8-A1FA-25D448FB7F99}.Debug|Any CPU.Build.0 = Debug|Any CPU
		{EEB3C2F7-ED40-4CD8-A1FA-25D448FB7F99}.Release|Any CPU.ActiveCfg = Release|Any CPU
		{EEB3C2F7-ED40-4CD8-A1FA-25D448FB7F99}.Release|Any CPU.Build.0 = Release|Any CPU
		{DE944BF5-35A9-4BD8-9CB2-05FB22F3061F}.Debug|Any CPU.ActiveCfg = Debug|Any CPU
		{DE944BF5-35A9-4BD8-9CB2-05FB22F3061F}.Debug|Any CPU.Build.0 = Debug|Any CPU
		{DE944BF5-35A9-4BD8-9CB2-05FB22F3061F}.Release|Any CPU.ActiveCfg = Release|Any CPU
		{DE944BF5-35A9-4BD8-9CB2-05FB22F3061F}.Release|Any CPU.Build.0 = Release|Any CPU
		{DB3C4F13-87BA-4431-B09F-168C6D02ADC9}.Debug|Any CPU.ActiveCfg = Debug|Any CPU
		{DB3C4F13-87BA-4431-B09F-168C6D02ADC9}.Debug|Any CPU.Build.0 = Debug|Any CPU
		{DB3C4F13-87BA-4431-B09F-168C6D02ADC9}.Release|Any CPU.ActiveCfg = Release|Any CPU
		{DB3C4F13-87BA-4431-B09F-168C6D02ADC9}.Release|Any CPU.Build.0 = Release|Any CPU
		{BAD591C4-5E3F-4CF7-B628-29A1FC95D0D5}.Debug|Any CPU.ActiveCfg = Debug|Any CPU
		{BAD591C4-5E3F-4CF7-B628-29A1FC95D0D5}.Debug|Any CPU.Build.0 = Debug|Any CPU
		{BAD591C4-5E3F-4CF7-B628-29A1FC95D0D5}.Release|Any CPU.ActiveCfg = Release|Any CPU
		{BAD591C4-5E3F-4CF7-B628-29A1FC95D0D5}.Release|Any CPU.Build.0 = Release|Any CPU
		{2C5F3EDD-A181-4E48-9326-5ECB83B692C8}.Debug|Any CPU.ActiveCfg = Debug|Any CPU
		{2C5F3EDD-A181-4E48-9326-5ECB83B692C8}.Debug|Any CPU.Build.0 = Debug|Any CPU
		{2C5F3EDD-A181-4E48-9326-5ECB83B692C8}.Release|Any CPU.ActiveCfg = Release|Any CPU
		{2C5F3EDD-A181-4E48-9326-5ECB83B692C8}.Release|Any CPU.Build.0 = Release|Any CPU
		{7E7AA592-23E8-434B-B8E9-145D9CAF06ED}.Debug|Any CPU.ActiveCfg = Debug|Any CPU
		{7E7AA592-23E8-434B-B8E9-145D9CAF06ED}.Debug|Any CPU.Build.0 = Debug|Any CPU
		{7E7AA592-23E8-434B-B8E9-145D9CAF06ED}.Release|Any CPU.ActiveCfg = Release|Any CPU
		{7E7AA592-23E8-434B-B8E9-145D9CAF06ED}.Release|Any CPU.Build.0 = Release|Any CPU
	EndGlobalSection
	GlobalSection(NestedProjects) = preSolution
		{7E7AA592-23E8-434B-B8E9-145D9CAF06ED} = {400B0EC3-7B1B-4D1D-9109-1847559E319B}
	EndGlobalSection
EndGlobal
